
Microsoft Visual Studio Solution File, Format Version 12.00
# Visual Studio Version 17
VisualStudioVersion = 17.0.31903.59
MinimumVisualStudioVersion = 10.0.40219.1
Project("{9A19103F-16F7-4668-BE54-9A1E7A4F7556}") = "SamlAuthLab.IdentityProvider", "src\SamlAuthLab.IdentityProvider\SamlAuthLab.IdentityProvider.csproj", "{23716BA2-514F-4D02-8B03-FA0D56F1E33D}"
EndProject
Project("{9A19103F-16F7-4668-BE54-9A1E7A4F7556}") = "SamlAuthLab.ServiceProvider", "src\SamlAuthLab.ServiceProvider\SamlAuthLab.ServiceProvider.csproj", "{FF1ACAC9-189C-4C0C-9216-4AE619E4F97E}"
EndProject
Project("{9A19103F-16F7-4668-BE54-9A1E7A4F7556}") = "SamlAuthLab.Shared", "SamlAuthLab.Shared\SamlAuthLab.Shared.csproj", "{EC173A33-8172-437F-8CBF-0B570681D425}"
EndProject
Project("{2150E333-8FDC-42A3-9474-1A3956D46DE8}") = "Solution Items", "Solution Items", "{1B5ED072-6B84-48C9-B222-5A5FFE9B0A3C}"
	ProjectSection(SolutionItems) = preProject
		.editorconfig = .editorconfig
		Directory.Build.props = Directory.Build.props
		Dockerfile = Dockerfile
	EndProjectSection
EndProject
Project("{9A19103F-16F7-4668-BE54-9A1E7A4F7556}") = "SamlAuthLab.ServiceDefaults", "src\SamlAuthLab.ServiceDefaults\SamlAuthLab.ServiceDefaults.csproj", "{27928287-41C5-4DF7-9BDA-362A0E329278}"
EndProject
Project("{9A19103F-16F7-4668-BE54-9A1E7A4F7556}") = "SamlAuthLab.AppHost", "src\SamlAuthLab.AppHost\SamlAuthLab.AppHost.csproj", "{06E6293B-702A-47DC-BDDB-B77EC5E9FF96}"
EndProject
Global
	GlobalSection(SolutionConfigurationPlatforms) = preSolution
		Debug|Any CPU = Debug|Any CPU
		Release|Any CPU = Release|Any CPU
	EndGlobalSection
	GlobalSection(ProjectConfigurationPlatforms) = postSolution
		{23716BA2-514F-4D02-8B03-FA0D56F1E33D}.Debug|Any CPU.ActiveCfg = Debug|Any CPU
		{23716BA2-514F-4D02-8B03-FA0D56F1E33D}.Debug|Any CPU.Build.0 = Debug|Any CPU
		{23716BA2-514F-4D02-8B03-FA0D56F1E33D}.Release|Any CPU.ActiveCfg = Release|Any CPU
		{23716BA2-514F-4D02-8B03-FA0D56F1E33D}.Release|Any CPU.Build.0 = Release|Any CPU
		{FF1ACAC9-189C-4C0C-9216-4AE619E4F97E}.Debug|Any CPU.ActiveCfg = Debug|Any CPU
		{FF1ACAC9-189C-4C0C-9216-4AE619E4F97E}.Debug|Any CPU.Build.0 = Debug|Any CPU
		{FF1ACAC9-189C-4C0C-9216-4AE619E4F97E}.Release|Any CPU.ActiveCfg = Release|Any CPU
		{FF1ACAC9-189C-4C0C-9216-4AE619E4F97E}.Release|Any CPU.Build.0 = Release|Any CPU
		{EC173A33-8172-437F-8CBF-0B570681D425}.Debug|Any CPU.ActiveCfg = Debug|Any CPU
		{EC173A33-8172-437F-8CBF-0B570681D425}.Debug|Any CPU.Build.0 = Debug|Any CPU
		{EC173A33-8172-437F-8CBF-0B570681D425}.Release|Any CPU.ActiveCfg = Release|Any CPU
		{EC173A33-8172-437F-8CBF-0B570681D425}.Release|Any CPU.Build.0 = Release|Any CPU
		{27928287-41C5-4DF7-9BDA-362A0E329278}.Debug|Any CPU.ActiveCfg = Debug|Any CPU
		{27928287-41C5-4DF7-9BDA-362A0E329278}.Debug|Any CPU.Build.0 = Debug|Any CPU
		{27928287-41C5-4DF7-9BDA-362A0E329278}.Release|Any CPU.ActiveCfg = Release|Any CPU
		{27928287-41C5-4DF7-9BDA-362A0E329278}.Release|Any CPU.Build.0 = Release|Any CPU
		{06E6293B-702A-47DC-BDDB-B77EC5E9FF96}.Debug|Any CPU.ActiveCfg = Debug|Any CPU
		{06E6293B-702A-47DC-BDDB-B77EC5E9FF96}.Debug|Any CPU.Build.0 = Debug|Any CPU
		{06E6293B-702A-47DC-BDDB-B77EC5E9FF96}.Release|Any CPU.ActiveCfg = Release|Any CPU
		{06E6293B-702A-47DC-BDDB-B77EC5E9FF96}.Release|Any CPU.Build.0 = Release|Any CPU
	EndGlobalSection
	GlobalSection(SolutionProperties) = preSolution
		HideSolutionNode = FALSE
	EndGlobalSection
	GlobalSection(ExtensibilityGlobals) = postSolution
		SolutionGuid = {655FD5BE-0A92-4175-8E10-1E1F1972AEDD}
	EndGlobalSection
EndGlobal
